PODS:
  - Alamofire (5.7.1)
  - SwiftGen (6.6.2)
  - SwiftyJSON (5.0.1)

DEPENDENCIES:
  - Alamofire
  - SwiftGen
  - SwiftyJSON

SPEC REPOS:
  trunk:
    - Alamofire
    - SwiftGen
    - SwiftyJSON

SPEC CHECKSUMS:
  Alamofire: 0123a34370cb170936ae79a8df46cc62b2edeb88
  SwiftGen: 1366a7f71aeef49954ca5a63ba4bef6b0f24138c
  SwiftyJSON: 2f33a42c6fbc52764d96f13368585094bfd8aa5e

PODFILE CHECKSUM: 3678113beba5c48aea063d646405221095c76833

COCOAPODS: 1.12.1
